
Microsoft Visual Studio Solution File, Format Version 12.00
# Visual Studio Version 16
VisualStudioVersion = 25.0.1700.7
MinimumVisualStudioVersion = 10.0.40219.1
Project("{FAE04EC0-301F-11D3-BF4B-00C04F79EFBC}") = "Track-Changes-Docker", "Track-Changes-Docker\Track-Changes-Docker.csproj", "{15F94191-6D63-428B-99F7-0DCA7BF976E1}"
EndProject
Project("{E53339B2-1760-4266-BCC7-CA923CBCF16C}") = "docker-compose", "docker-compose.dcproj", "{A37B45C1-210A-4D17-8EA0-93F8F40855F6}"
EndProject
Global
	GlobalSection(SolutionConfigurationPlatforms) = preSolution
		Debug|Any CPU = Debug|Any CPU
		Release|Any CPU = Release|Any CPU
	EndGlobalSection
	GlobalSection(ProjectConfigurationPlatforms) = postSolution
		{15F94191-6D63-428B-99F7-0DCA7BF976E1}.Debug|Any CPU.ActiveCfg = Debug|Any CPU
		{15F94191-6D63-428B-99F7-0DCA7BF976E1}.Debug|Any CPU.Build.0 = Debug|Any CPU
		{15F94191-6D63-428B-99F7-0DCA7BF976E1}.Release|Any CPU.ActiveCfg = Release|Any CPU
		{15F94191-6D63-428B-99F7-0DCA7BF976E1}.Release|Any CPU.Build.0 = Release|Any CPU
		{A37B45C1-210A-4D17-8EA0-93F8F40855F6}.Debug|Any CPU.ActiveCfg = Debug|Any CPU
		{A37B45C1-210A-4D17-8EA0-93F8F40855F6}.Debug|Any CPU.Build.0 = Debug|Any CPU
		{A37B45C1-210A-4D17-8EA0-93F8F40855F6}.Release|Any CPU.ActiveCfg = Release|Any CPU
		{A37B45C1-210A-4D17-8EA0-93F8F40855F6}.Release|Any CPU.Build.0 = Release|Any CPU
	EndGlobalSection
	GlobalSection(SolutionProperties) = preSolution
		HideSolutionNode = FALSE
	EndGlobalSection
	GlobalSection(ExtensibilityGlobals) = postSolution
		SolutionGuid = {7B4F6E25-D90A-4B8B-A628-956D38EF0922}
	EndGlobalSection
EndGlobal
